
Microsoft Visual Studio Solution File, Format Version 12.00
# Visual Studio Version 16
VisualStudioVersion = 16.0.31702.278
MinimumVisualStudioVersion = 10.0.40219.1
Project("{FAE04EC0-301F-11D3-BF4B-00C04F79EFBC}") = "UsingOut", "UsingOut\UsingOut.csproj", "{BBE614B0-3D35-4254-8E75-0E237E1252D4}"
EndProject
Global
	GlobalSection(SolutionConfigurationPlatforms) = preSolution
		Debug|Any CPU = Debug|Any CPU
		Release|Any CPU = Release|Any CPU
	EndGlobalSection
	GlobalSection(ProjectConfigurationPlatforms) = postSolution
		{BBE614B0-3D35-4254-8E75-0E237E1252D4}.Debug|Any CPU.ActiveCfg = Debug|Any CPU
		{BBE614B0-3D35-4254-8E75-0E237E1252D4}.Debug|Any CPU.Build.0 = Debug|Any CPU
		{BBE614B0-3D35-4254-8E75-0E237E1252D4}.Release|Any CPU.ActiveCfg = Release|Any CPU
		{BBE614B0-3D35-4254-8E75-0E237E1252D4}.Release|Any CPU.Build.0 = Release|Any CPU
	EndGlobalSection
	GlobalSection(SolutionProperties) = preSolution
		HideSolutionNode = FALSE
	EndGlobalSection
	GlobalSection(ExtensibilityGlobals) = postSolution
		SolutionGuid = {8B07215A-468E-4FE7-B38B-3CCC33C5ED0A}
	EndGlobalSection
EndGlobal
